<?xml version="1.0" encoding="utf-8"?>
<Project ToolsVersion="4.0" xmlns="http://schemas.microsoft.com/developer/msbuild/2003">
  <ItemGroup>
    <ClCompile Include="browser_info_map_unittest.cc">
      <Filter>ceftests</Filter>
    </ClCompile>
    <ClCompile Include="client_app_delegates.cc">
      <Filter>ceftests</Filter>
    </ClCompile>
    <ClCompile Include="command_line_unittest.cc">
      <Filter>ceftests</Filter>
    </ClCompile>
    <ClCompile Include="cookie_unittest.cc">
      <Filter>ceftests</Filter>
    </ClCompile>
    <ClCompile Include="dialog_unittest.cc">
      <Filter>ceftests</Filter>
    </ClCompile>
    <ClCompile Include="display_unittest.cc">
      <Filter>ceftests</Filter>
    </ClCompile>
    <ClCompile Include="dom_unittest.cc">
      <Filter>ceftests</Filter>
    </ClCompile>
    <ClCompile Include="download_unittest.cc">
      <Filter>ceftests</Filter>
    </ClCompile>
    <ClCompile Include="draggable_regions_unittest.cc">
      <Filter>ceftests</Filter>
    </ClCompile>
    <ClCompile Include="file_util_unittest.cc">
      <Filter>ceftests</Filter>
    </ClCompile>
    <ClCompile Include="frame_unittest.cc">
      <Filter>ceftests</Filter>
    </ClCompile>
    <ClCompile Include="image_unittest.cc">
      <Filter>ceftests</Filter>
    </ClCompile>
    <ClCompile Include="image_util.cc">
      <Filter>ceftests</Filter>
    </ClCompile>
    <ClCompile Include="jsdialog_unittest.cc">
      <Filter>ceftests</Filter>
    </ClCompile>
    <ClCompile Include="life_span_unittest.cc">
      <Filter>ceftests</Filter>
    </ClCompile>
    <ClCompile Include="message_router_unittest.cc">
      <Filter>ceftests</Filter>
    </ClCompile>
    <ClCompile Include="navigation_unittest.cc">
      <Filter>ceftests</Filter>
    </ClCompile>
    <ClCompile Include="os_rendering_unittest.cc">
      <Filter>ceftests</Filter>
    </ClCompile>
    <ClCompile Include="osr_accessibility_unittest.cc">
      <Filter>ceftests</Filter>
    </ClCompile>
    <ClCompile Include="osr_display_unittest.cc">
      <Filter>ceftests</Filter>
    </ClCompile>
    <ClCompile Include="parser_unittest.cc">
      <Filter>ceftests</Filter>
    </ClCompile>
    <ClCompile Include="plugin_unittest.cc">
      <Filter>ceftests</Filter>
    </ClCompile>
    <ClCompile Include="preference_unittest.cc">
      <Filter>ceftests</Filter>
    </ClCompile>
    <ClCompile Include="print_unittest.cc">
      <Filter>ceftests</Filter>
    </ClCompile>
    <ClCompile Include="process_message_unittest.cc">
      <Filter>ceftests</Filter>
    </ClCompile>
    <ClCompile Include="request_context_unittest.cc">
      <Filter>ceftests</Filter>
    </ClCompile>
    <ClCompile Include="request_handler_unittest.cc">
      <Filter>ceftests</Filter>
    </ClCompile>
    <ClCompile Include="request_unittest.cc">
      <Filter>ceftests</Filter>
    </ClCompile>
    <ClCompile Include="resource_manager_unittest.cc">
      <Filter>ceftests</Filter>
    </ClCompile>
    <ClCompile Include="routing_test_handler.cc">
      <Filter>ceftests</Filter>
    </ClCompile>
    <ClCompile Include="run_all_unittests.cc">
      <Filter>ceftests</Filter>
    </ClCompile>
    <ClCompile Include="scheme_handler_unittest.cc">
      <Filter>ceftests</Filter>
    </ClCompile>
    <ClCompile Include="scoped_temp_dir_unittest.cc">
      <Filter>ceftests</Filter>
    </ClCompile>
    <ClCompile Include="server_unittest.cc">
      <Filter>ceftests</Filter>
    </ClCompile>
    <ClCompile Include="stream_resource_handler_unittest.cc">
      <Filter>ceftests</Filter>
    </ClCompile>
    <ClCompile Include="stream_unittest.cc">
      <Filter>ceftests</Filter>
    </ClCompile>
    <ClCompile Include="string_unittest.cc">
      <Filter>ceftests</Filter>
    </ClCompile>
    <ClCompile Include="task_unittest.cc">
      <Filter>ceftests</Filter>
    </ClCompile>
    <ClCompile Include="test_handler.cc">
      <Filter>ceftests</Filter>
    </ClCompile>
    <ClCompile Include="test_suite.cc">
      <Filter>ceftests</Filter>
    </ClCompile>
    <ClCompile Include="test_util.cc">
      <Filter>ceftests</Filter>
    </ClCompile>
    <ClCompile Include="thread_helper.cc">
      <Filter>ceftests</Filter>
    </ClCompile>
    <ClCompile Include="thread_unittest.cc">
      <Filter>ceftests</Filter>
    </ClCompile>
    <ClCompile Include="tracing_unittest.cc">
      <Filter>ceftests</Filter>
    </ClCompile>
    <ClCompile Include="translator_unittest.cc">
      <Filter>ceftests</Filter>
    </ClCompile>
    <ClCompile Include="urlrequest_unittest.cc">
      <Filter>ceftests</Filter>
    </ClCompile>
    <ClCompile Include="v8_unittest.cc">
      <Filter>ceftests</Filter>
    </ClCompile>
    <ClCompile Include="values_unittest.cc">
      <Filter>ceftests</Filter>
    </ClCompile>
    <ClCompile Include="version_unittest.cc">
      <Filter>ceftests</Filter>
    </ClCompile>
    <ClCompile Include="waitable_event_unittest.cc">
      <Filter>ceftests</Filter>
    </ClCompile>
    <ClCompile Include="webui_unittest.cc">
      <Filter>ceftests</Filter>
    </ClCompile>
    <ClCompile Include="xml_reader_unittest.cc">
      <Filter>ceftests</Filter>
    </ClCompile>
    <ClCompile Include="zip_reader_unittest.cc">
      <Filter>ceftests</Filter>
    </ClCompile>
    <ClCompile Include="resource_util_win_idmap.cc">
      <Filter>ceftests</Filter>
    </ClCompile>
    <ClCompile Include="extensions\background_unittest.cc">
      <Filter>ceftests\extensions</Filter>
    </ClCompile>
    <ClCompile Include="extensions\chrome_alarms_unittest.cc">
      <Filter>ceftests\extensions</Filter>
    </ClCompile>
    <ClCompile Include="extensions\chrome_storage_unittest.cc">
      <Filter>ceftests\extensions</Filter>
    </ClCompile>
    <ClCompile Include="extensions\chrome_tabs_unittest.cc">
      <Filter>ceftests\extensions</Filter>
    </ClCompile>
    <ClCompile Include="extensions\extension_test_handler.cc">
      <Filter>ceftests\extensions</Filter>
    </ClCompile>
    <ClCompile Include="extensions\view_unittest.cc">
      <Filter>ceftests\extensions</Filter>
    </ClCompile>
    <ClCompile Include="..\shared\browser\client_app_browser.cc">
      <Filter>shared\browser</Filter>
    </ClCompile>
    <ClCompile Include="..\shared\browser\extension_util.cc">
      <Filter>shared\browser</Filter>
    </ClCompile>
    <ClCompile Include="..\shared\browser\file_util.cc">
      <Filter>shared\browser</Filter>
    </ClCompile>
    <ClCompile Include="..\shared\browser\geometry_util.cc">
      <Filter>shared\browser</Filter>
    </ClCompile>
    <ClCompile Include="..\shared\browser\main_message_loop.cc">
      <Filter>shared\browser</Filter>
    </ClCompile>
    <ClCompile Include="..\shared\browser\main_message_loop_external_pump.cc">
      <Filter>shared\browser</Filter>
    </ClCompile>
    <ClCompile Include="..\shared\browser\main_message_loop_std.cc">
      <Filter>shared\browser</Filter>
    </ClCompile>
    <ClCompile Include="..\shared\browser\main_message_loop_external_pump_win.cc">
      <Filter>shared\browser</Filter>
    </ClCompile>
    <ClCompile Include="..\shared\browser\resource_util_win.cc">
      <Filter>shared\browser</Filter>
    </ClCompile>
    <ClCompile Include="..\shared\browser\util_win.cc">
      <Filter>shared\browser</Filter>
    </ClCompile>
    <ClCompile Include="..\shared\common\client_app.cc">
      <Filter>shared\common</Filter>
    </ClCompile>
    <ClCompile Include="..\shared\common\client_app_other.cc">
      <Filter>shared\common</Filter>
    </ClCompile>
    <ClCompile Include="..\shared\common\client_switches.cc">
      <Filter>shared\common</Filter>
    </ClCompile>
    <ClCompile Include="..\shared\renderer\client_app_renderer.cc">
      <Filter>shared\renderer</Filter>
    </ClCompile>
    <ClCompile Include="views\button_unittest.cc">
      <Filter>ceftests\views</Filter>
    </ClCompile>
    <ClCompile Include="views\panel_unittest.cc">
      <Filter>ceftests\views</Filter>
    </ClCompile>
    <ClCompile Include="views\scroll_view_unittest.cc">
      <Filter>ceftests\views</Filter>
    </ClCompile>
    <ClCompile Include="views\test_window_delegate.cc">
      <Filter>ceftests\views</Filter>
    </ClCompile>
    <ClCompile Include="views\textfield_unittest.cc">
      <Filter>ceftests\views</Filter>
    </ClCompile>
    <ClCompile Include="views\window_unittest.cc">
      <Filter>ceftests\views</Filter>
    </ClCompile>
  </ItemGroup>
  <ItemGroup>
    <ClInclude Include="image_util.h">
      <Filter>ceftests</Filter>
    </ClInclude>
    <ClInclude Include="resource.h">
      <Filter>ceftests</Filter>
    </ClInclude>
    <ClInclude Include="routing_test_handler.h">
      <Filter>ceftests</Filter>
    </ClInclude>
    <ClInclude Include="test_handler.h">
      <Filter>ceftests</Filter>
    </ClInclude>
    <ClInclude Include="test_suite.h">
      <Filter>ceftests</Filter>
    </ClInclude>
    <ClInclude Include="test_util.h">
      <Filter>ceftests</Filter>
    </ClInclude>
    <ClInclude Include="thread_helper.h">
      <Filter>ceftests</Filter>
    </ClInclude>
    <ClInclude Include="extensions\extension_test_handler.h">
      <Filter>ceftests\extensions</Filter>
    </ClInclude>
    <ClInclude Include="..\shared\browser\client_app_browser.h">
      <Filter>shared\browser</Filter>
    </ClInclude>
    <ClInclude Include="..\shared\browser\extension_util.h">
      <Filter>shared\browser</Filter>
    </ClInclude>
    <ClInclude Include="..\shared\browser\file_util.h">
      <Filter>shared\browser</Filter>
    </ClInclude>
    <ClInclude Include="..\shared\browser\geometry_util.h">
      <Filter>shared\browser</Filter>
    </ClInclude>
    <ClInclude Include="..\shared\browser\main_message_loop.h">
      <Filter>shared\browser</Filter>
    </ClInclude>
    <ClInclude Include="..\shared\browser\main_message_loop_external_pump.h">
      <Filter>shared\browser</Filter>
    </ClInclude>
    <ClInclude Include="..\shared\browser\main_message_loop_std.h">
      <Filter>shared\browser</Filter>
    </ClInclude>
    <ClInclude Include="..\shared\browser\resource_util.h">
      <Filter>shared\browser</Filter>
    </ClInclude>
    <ClInclude Include="..\shared\browser\util_win.h">
      <Filter>shared\browser</Filter>
    </ClInclude>
    <ClInclude Include="..\shared\common\client_app.h">
      <Filter>shared\common</Filter>
    </ClInclude>
    <ClInclude Include="..\shared\common\client_app_other.h">
      <Filter>shared\common</Filter>
    </ClInclude>
    <ClInclude Include="..\shared\common\client_switches.h">
      <Filter>shared\common</Filter>
    </ClInclude>
    <ClInclude Include="..\shared\renderer\client_app_renderer.h">
      <Filter>shared\renderer</Filter>
    </ClInclude>
    <ClInclude Include="views\test_window_delegate.h">
      <Filter>ceftests\views</Filter>
    </ClInclude>
  </ItemGroup>
  <ItemGroup>
    <Image Include="..\shared\resources\window_icon.1x.png">
      <Filter>shared\resources</Filter>
    </Image>
    <Image Include="..\shared\resources\window_icon.2x.png">
      <Filter>shared\resources</Filter>
    </Image>
  </ItemGroup>
  <ItemGroup>
    <None Include="resources\win\ceftests.ico">
      <Filter>ceftests\resources\win</Filter>
    </None>
    <None Include="resources\win\small.ico">
      <Filter>ceftests\resources\win</Filter>
    </None>
    <None Include="..\shared\resources\osr_test.html">
      <Filter>shared\resources</Filter>
    </None>
    <None Include="..\shared\resources\pdf.html">
      <Filter>shared\resources</Filter>
    </None>
    <None Include="..\shared\resources\pdf.pdf">
      <Filter>shared\resources</Filter>
    </None>
  </ItemGroup>
  <ItemGroup>
    <ResourceCompile Include="resources\win\ceftests.rc">
      <Filter>ceftests\resources\win</Filter>
    </ResourceCompile>
  </ItemGroup>
  <ItemGroup>
    <Filter Include="ceftests">
      <UniqueIdentifier>{3AC87E27-3A61-3A36-A2D6-F2B1F47634F7}</UniqueIdentifier>
    </Filter>
    <Filter Include="ceftests\extensions">
      <UniqueIdentifier>{1D3C788F-B517-3A7B-A889-E41CF55D6188}</UniqueIdentifier>
    </Filter>
    <Filter Include="ceftests\resources">
      <UniqueIdentifier>{A76EB95D-30C0-34E5-8714-B719609B3D71}</UniqueIdentifier>
    </Filter>
    <Filter Include="ceftests\resources\win">
      <UniqueIdentifier>{071627D1-BBB4-3AF2-97BB-543ECE9F9DF3}</UniqueIdentifier>
    </Filter>
    <Filter Include="ceftests\views">
      <UniqueIdentifier>{1AFB4761-FD35-36E9-A3FA-66F4F01223B6}</UniqueIdentifier>
    </Filter>
    <Filter Include="shared">
      <UniqueIdentifier>{DB2BDEF0-60DB-363F-8910-01F48627254E}</UniqueIdentifier>
    </Filter>
    <Filter Include="shared\browser">
      <UniqueIdentifier>{09EDAF1F-D7E5-3297-B0D6-CE725B2C8FB2}</UniqueIdentifier>
    </Filter>
    <Filter Include="shared\common">
      <UniqueIdentifier>{5062DDB3-5386-346B-A091-064D4D1F478C}</UniqueIdentifier>
    </Filter>
    <Filter Include="shared\renderer">
      <UniqueIdentifier>{93D71929-FCA4-353E-B5EE-2A4CF37036C0}</UniqueIdentifier>
    </Filter>
    <Filter Include="shared\resources">
      <UniqueIdentifier>{26865021-426B-35F1-A111-4DE3F9EDAAE0}</UniqueIdentifier>
    </Filter>
  </ItemGroup>
</Project>